
Microsoft Visual Studio Solution File, Format Version 12.00
# Visual Studio Version 17
VisualStudioVersion = 17.9.34616.47
MinimumVisualStudioVersion = 10.0.40219.1
Project("{8BC9CEB8-8B4A-11D0-8D11-00A0C91BC942}") = "PointerSatu", "PointerSatu\PointerSatu.vcxproj", "{1DD95D94-A135-48B4-9394-E510049988AC}"
EndProject
Global
	GlobalSection(SolutionConfigurationPlatforms) = preSolution
		Debug|x64 = Debug|x64
		Debug|x86 = Debug|x86
		Release|x64 = Release|x64
		Release|x86 = Release|x86
	EndGlobalSection
	GlobalSection(ProjectConfigurationPlatforms) = postSolution
		{1DD95D94-A135-48B4-9394-E510049988AC}.Debug|x64.ActiveCfg = Debug|x64
		{1DD95D94-A135-48B4-9394-E510049988AC}.Debug|x64.Build.0 = Debug|x64
		{1DD95D94-A135-48B4-9394-E510049988AC}.Debug|x86.ActiveCfg = Debug|Win32
		{1DD95D94-A135-48B4-9394-E510049988AC}.Debug|x86.Build.0 = Debug|Win32
		{1DD95D94-A135-48B4-9394-E510049988AC}.Release|x64.ActiveCfg = Release|x64
		{1DD95D94-A135-48B4-9394-E510049988AC}.Release|x64.Build.0 = Release|x64
		{1DD95D94-A135-48B4-9394-E510049988AC}.Release|x86.ActiveCfg = Release|Win32
		{1DD95D94-A135-48B4-9394-E510049988AC}.Release|x86.Build.0 = Release|Win32
	EndGlobalSection
	GlobalSection(SolutionProperties) = preSolution
		HideSolutionNode = FALSE
	EndGlobalSection
	GlobalSection(ExtensibilityGlobals) = postSolution
		SolutionGuid = {2337A6BD-46B5-459E-B658-170086DDBE4E}
	EndGlobalSection
EndGlobal
